<?xml version="1.0" encoding="utf-8"?>
<Project ToolsVersion="Current" xmlns="http://schemas.microsoft.com/developer/msbuild/2003">
  <ItemGroup>
    <ClCompile Include="src\Game.cpp">
      <Filter>Source</Filter>
    </ClCompile>
    <ClCompile Include="src\main.cpp">
      <Filter>Source</Filter>
    </ClCompile>
    <ClCompile Include="src\Map.cpp">
      <Filter>Source</Filter>
    </ClCompile>
    <ClCompile Include="src\PerlinNoise.cpp">
      <Filter>Source</Filter>
    </ClCompile>
    <ClCompile Include="src\TextureLoader.cpp">
      <Filter>Source</Filter>
    </ClCompile>
    <ClCompile Include="src\Animation\AnimableEntity.cpp">
      <Filter>Source\Animation</Filter>
    </ClCompile>
    <ClCompile Include="src\Entities\Chest.cpp">
      <Filter>Source\Entities</Filter>
    </ClCompile>
    <ClCompile Include="src\Entities\DefaultEnvironmentElementBuilder.cpp">
      <Filter>Source\Entities</Filter>
    </ClCompile>
    <ClCompile Include="src\Entities\EnvironmentElement.cpp">
      <Filter>Source\Entities</Filter>
    </ClCompile>
    <ClCompile Include="src\Entities\Mineral.cpp">
      <Filter>Source\Entities</Filter>
    </ClCompile>
    <ClCompile Include="src\Entities\MovingEntity.cpp">
      <Filter>Source\Entities</Filter>
    </ClCompile>
    <ClCompile Include="src\Entities\Tree.cpp">
      <Filter>Source\Entities</Filter>
    </ClCompile>
    <ClCompile Include="src\Interaction\HitBox.cpp">
      <Filter>Source</Filter>
    </ClCompile>
    <ClCompile Include="src\Inventory\Inventory.cpp">
      <Filter>Source\Inventory</Filter>
    </ClCompile>
    <ClCompile Include="src\Inventory\Item.cpp">
      <Filter>Source\Inventory</Filter>
    </ClCompile>
    <ClCompile Include="src\Inventory\Axe.cpp">
      <Filter>Source\Inventory</Filter>
    </ClCompile>
    <ClCompile Include="src\Inventory\Craftable.cpp">
      <Filter>Source\Inventory</Filter>
    </ClCompile>
    <ClCompile Include="src\Inventory\ConstructionItem.cpp">
      <Filter>Source\Inventory</Filter>
    </ClCompile>
    <ClCompile Include="src\Animation\DefaultAnimableBuilder.cpp">
      <Filter>Source\Animation</Filter>
    </ClCompile>
    <ClCompile Include="src\Entities\Player.cpp">
      <Filter>Source\Entities</Filter>
    </ClCompile>
    <ClCompile Include="src\Animation\PlayerAttack.cpp">
      <Filter>Source\Animation</Filter>
    </ClCompile>
    <ClCompile Include="src\Animation\PlayerIdle.cpp">
      <Filter>Source\Animation</Filter>
    </ClCompile>
    <ClCompile Include="src\Animation\PlayerInteract.cpp">
      <Filter>Source\Animation</Filter>
    </ClCompile>
    <ClCompile Include="src\Animation\PlayerWalk.cpp">
      <Filter>Source\Animation</Filter>
    </ClCompile>
    <ClCompile Include="src\Animation\VoidAnimableBuilder.cpp">
      <Filter>Source\Animation</Filter>
    </ClCompile>
    <ClCompile Include="src\Animation\PlayerWoodAxeAttack.cpp">
      <Filter>Source\Animation</Filter>
    </ClCompile>
    <ClCompile Include="src\Animation\PlayerWoodAxeIdle.cpp" />
    <ClCompile Include="src\Animation\PlayerWoodAxeWalk.cpp" />
    <ClCompile Include="src\Inventory\DropedItem.cpp" />
    <ClCompile Include="src\Inventory\WoodLog.cpp" />
    <ClCompile Include="src\Inventory\RockItem.cpp" />
    <ClCompile Include="src\Entities\Trap.cpp">
      <Filter>Source\Inventory</Filter>
    </ClCompile>
    <ClCompile Include="src\Inventory\TrapItem.cpp" />
    <ClCompile Include="src\Craft\CraftSystem.cpp" />
  </ItemGroup>
  <ItemGroup>
    <ClInclude Include="header\TextureLoader.h">
      <Filter>Header</Filter>
    </ClInclude>
    <ClInclude Include="header\TileType.h">
      <Filter>Header\Entities</Filter>
    </ClInclude>
    <ClInclude Include="header\Utils.h">
      <Filter>Header</Filter>
    </ClInclude>
    <ClInclude Include="header\Game.h">
      <Filter>Header</Filter>
    </ClInclude>
    <ClInclude Include="header\Map.h">
      <Filter>Header</Filter>
    </ClInclude>
    <ClInclude Include="header\PerlinNoise.h">
      <Filter>Header</Filter>
    </ClInclude>
    <ClInclude Include="header\Animation\Animable.h">
      <Filter>Header\Animation</Filter>
    </ClInclude>
    <ClInclude Include="header\Animation\AnimableBuilder.h">
      <Filter>Header\Animation</Filter>
    </ClInclude>
    <ClInclude Include="header\Animation\AnimableEntity.h">
      <Filter>Header\Animation</Filter>
    </ClInclude>
    <ClInclude Include="header\Animation\AnimablePlayer.h">
      <Filter>Header\Animation</Filter>
    </ClInclude>
    <ClInclude Include="header\Inventory\Axe.h">
      <Filter>Header\Inventory</Filter>
    </ClInclude>
    <ClInclude Include="header\Entities\Chest.h">
      <Filter>Header\Entities\Constructible</Filter>
    </ClInclude>
    <ClInclude Include="header\Inventory\ConstructionItem.h">
      <Filter>Header\Inventory</Filter>
    </ClInclude>
    <ClInclude Include="header\Inventory\Craftable.h">
      <Filter>Header\Inventory</Filter>
    </ClInclude>
    <ClInclude Include="header\Inventory\Inventory.h">
      <Filter>Header\Inventory</Filter>
    </ClInclude>
    <ClInclude Include="header\Inventory\Item.h">
      <Filter>Header\Inventory</Filter>
    </ClInclude>
    <ClInclude Include="header\Inventory\Tool.h">
      <Filter>Header\Inventory</Filter>
    </ClInclude>
    <ClInclude Include="header\Entities\Constructible.h">
      <Filter>Header\Entities\Constructible</Filter>
    </ClInclude>
    <ClInclude Include="header\Entities\DefaultEnvironmentElementBuilder.h">
      <Filter>Header</Filter>
    </ClInclude>
    <ClInclude Include="header\Entities\Direction.h">
      <Filter>Header\Entities\Living</Filter>
    </ClInclude>
    <ClInclude Include="header\Entities\Entity.h">
      <Filter>Header\Entities\Living</Filter>
    </ClInclude>
    <ClInclude Include="header\Entities\EnvironmentElement.h">
      <Filter>Header\Entities</Filter>
    </ClInclude>
    <ClInclude Include="header\Entities\EnvironmentElementBuilder.h">
      <Filter>Header\Entities</Filter>
    </ClInclude>
    <ClInclude Include="header\Entities\Mineral.h">
      <Filter>Header\Entities\Natural</Filter>
    </ClInclude>
    <ClInclude Include="header\Entities\MineralType.h">
      <Filter>Header\Entities\Natural</Filter>
    </ClInclude>
    <ClInclude Include="header\Entities\MovingEntity.h">
      <Filter>Header\Entities\Living</Filter>
    </ClInclude>
    <ClInclude Include="header\Entities\Natural.h">
      <Filter>Header\Entities\Natural</Filter>
    </ClInclude>
    <ClInclude Include="header\Entities\Player.h">
      <Filter>Header\Entities\Living</Filter>
    </ClInclude>
    <ClInclude Include="header\Entities\Tree.h">
      <Filter>Header\Entities\Natural</Filter>
    </ClInclude>
    <ClInclude Include="header\Entities\TreeType.h">
      <Filter>Header\Entities\Natural</Filter>
    </ClInclude>
    <ClInclude Include="header\Animation\DefaultAnimableBuilder.h">
      <Filter>Header\Animation</Filter>
    </ClInclude>
    <ClInclude Include="header\Animation\PlayerAttack.h">
      <Filter>Header\Animation</Filter>
    </ClInclude>
    <ClInclude Include="header\Animation\PlayerIdle.h">
      <Filter>Header\Animation</Filter>
    </ClInclude>
    <ClInclude Include="header\Animation\PlayerInteract.h">
      <Filter>Header\Animation</Filter>
    </ClInclude>
    <ClInclude Include="header\Animation\PlayerWalk.h">
      <Filter>Header\Animation</Filter>
    </ClInclude>
    <ClInclude Include="header\Animation\VoidAnimableBuilder.h">
      <Filter>Header\Animation</Filter>
    </ClInclude>
    <ClInclude Include="header\Interaction\HitBox.h">
      <Filter>Header</Filter>
    </ClInclude>
    <ClInclude Include="header\Interaction\MaskEntities.h">
      <Filter>Header\Entities\Living</Filter>
    </ClInclude>
    <ClInclude Include="header\Entities\State.h">
      <Filter>Header\Entities\Living</Filter>
    </ClInclude>
    <ClInclude Include="header\Animation\PlayerWoodAxeAttack.h">
      <Filter>Header\Animation</Filter>
    </ClInclude>
    <ClInclude Include="header\Animation\PlayerWoodAxeIdle.h" />
    <ClInclude Include="header\Animation\PlayerWoodAxeWalk.h" />
    <ClInclude Include="header\Inventory\DropedItem.h" />
    <ClInclude Include="header\Inventory\WoodLog.h" />
    <ClInclude Include="header\Inventory\RockItem.h" />
    <ClInclude Include="header\Entities\Trap.h">
      <Filter>Header\Inventory</Filter>
    </ClInclude>
    <ClInclude Include="header\Inventory\TrapItem.h" />
    <ClInclude Include="header\Craft\CraftSystem.h" />
    <ClInclude Include="Entity.h" />
    <ClInclude Include="Component.h" />
    <ClInclude Include="Signature.h" />
    <ClInclude Include="EntityManager.h" />
  </ItemGroup>
  <ItemGroup>
    <Filter Include="Header">
      <UniqueIdentifier>{18a2d44c-6533-4784-be17-7b27a8bcbd0a}</UniqueIdentifier>
    </Filter>
    <Filter Include="Source">
      <UniqueIdentifier>{53fa0c7b-bb6f-4109-89e8-5bd536411ad1}</UniqueIdentifier>
    </Filter>
    <Filter Include="Source\Animation">
      <UniqueIdentifier>{16a5c963-81ac-45fa-81e2-929c1643f1fe}</UniqueIdentifier>
    </Filter>
    <Filter Include="Source\Entities">
      <UniqueIdentifier>{66e1c945-e177-467b-9993-0dc8e06e086e}</UniqueIdentifier>
    </Filter>
    <Filter Include="Header\Animation">
      <UniqueIdentifier>{fa6ecef0-64d5-4f4f-958d-419ef3ef0cdf}</UniqueIdentifier>
    </Filter>
    <Filter Include="Header\Entities">
      <UniqueIdentifier>{fd5b865f-d8a0-4898-ab3b-41c121fb71c5}</UniqueIdentifier>
    </Filter>
    <Filter Include="Other">
      <UniqueIdentifier>{e7d41c75-61bc-4398-94c2-deb1a54d7a44}</UniqueIdentifier>
    </Filter>
    <Filter Include="Header\Entities\Natural">
      <UniqueIdentifier>{f111e95c-2ff4-469a-bac9-5088d06f1b1e}</UniqueIdentifier>
    </Filter>
    <Filter Include="Header\Entities\Living">
      <UniqueIdentifier>{b64542ae-2edc-4de3-9a3f-832e900a84ae}</UniqueIdentifier>
    </Filter>
    <Filter Include="Header\Entities\Constructible">
      <UniqueIdentifier>{40a71e5e-a34a-408c-bb72-80a37930df7e}</UniqueIdentifier>
    </Filter>
    <Filter Include="Source\Inventory">
      <UniqueIdentifier>{6ba2acc5-af95-4d80-9479-72ee4433f4c9}</UniqueIdentifier>
    </Filter>
    <Filter Include="Header\Inventory">
      <UniqueIdentifier>{5ce80435-3a72-4b16-9e4d-f199eff5c4f8}</UniqueIdentifier>
    </Filter>
  </ItemGroup>
  <ItemGroup>
    <ResourceCompile Include="Can%27tSleep.rc">
      <Filter>Other</Filter>
    </ResourceCompile>
  </ItemGroup>
</Project>